<?xml version="1.0" encoding="UTF-8"?>
<Project ToolsVersion="14.0" xmlns="http://schemas.microsoft.com/developer/msbuild/2003">
  <ItemGroup>
    <CustomBuild Include="D:\dev\github-assimp\CMakeFiles\96674445f92258d9399ba94f46ca9d4b\INSTALL_force.rule">
      <Filter>CMake Rules</Filter>
    </CustomBuild>
  </ItemGroup>
  <ItemGroup>
    <Filter Include="CMake Rules">
      <UniqueIdentifier>{E0A1EBE0-932D-3E2D-94D0-39547E8F2E5B}</UniqueIdentifier>
    </Filter>
  </ItemGroup>
</Project>
